
Microsoft Visual Studio Solution File, Format Version 12.00
# Visual Studio Version 17
VisualStudioVersion = 17.7.34024.191
MinimumVisualStudioVersion = 10.0.40219.1
Project("{9A19103F-16F7-4668-BE54-9A1E7A4F7556}") = "MaturaBinaryNumbers", "MaturaBinaryNumbers\MaturaBinaryNumbers.csproj", "{FA26E357-5AD9-4265-B9B7-DE11F9854D3D}"
EndProject
Project("{FAE04EC0-301F-11D3-BF4B-00C04F79EFBC}") = "MaturaBinaryNumbersTests", "MaturaBinaryNumbersTests\MaturaBinaryNumbersTests.csproj", "{B435448C-CBF7-4175-94DB-3358AE8B85CC}"
EndProject
Global
	GlobalSection(SolutionConfigurationPlatforms) = preSolution
		Debug|Any CPU = Debug|Any CPU
		Release|Any CPU = Release|Any CPU
	EndGlobalSection
	GlobalSection(ProjectConfigurationPlatforms) = postSolution
		{FA26E357-5AD9-4265-B9B7-DE11F9854D3D}.Debug|Any CPU.ActiveCfg = Debug|Any CPU
		{FA26E357-5AD9-4265-B9B7-DE11F9854D3D}.Debug|Any CPU.Build.0 = Debug|Any CPU
		{FA26E357-5AD9-4265-B9B7-DE11F9854D3D}.Release|Any CPU.ActiveCfg = Release|Any CPU
		{FA26E357-5AD9-4265-B9B7-DE11F9854D3D}.Release|Any CPU.Build.0 = Release|Any CPU
		{B435448C-CBF7-4175-94DB-3358AE8B85CC}.Debug|Any CPU.ActiveCfg = Debug|Any CPU
		{B435448C-CBF7-4175-94DB-3358AE8B85CC}.Debug|Any CPU.Build.0 = Debug|Any CPU
		{B435448C-CBF7-4175-94DB-3358AE8B85CC}.Release|Any CPU.ActiveCfg = Release|Any CPU
		{B435448C-CBF7-4175-94DB-3358AE8B85CC}.Release|Any CPU.Build.0 = Release|Any CPU
	EndGlobalSection
	GlobalSection(SolutionProperties) = preSolution
		HideSolutionNode = FALSE
	EndGlobalSection
	GlobalSection(ExtensibilityGlobals) = postSolution
		SolutionGuid = {0774D9FE-E44F-4E31-BC93-4FA67754391E}
	EndGlobalSection
EndGlobal
